<?xml version="1.0" encoding="UTF-8"?>
<Scheme
   LastUpgradeVersion = "0720"
   version = "1.3">
   <BuildAction
      parallelizeBuildables = "YES"
      buildImplicitDependencies = "YES">
      <BuildActionEntries>
         <BuildActionEntry
            buildForTesting = "YES"
            buildForRunning = "YES"
            buildForProfiling = "YES"
            buildForArchiving = "YES"
            buildForAnalyzing = "YES">
            <BuildableReference
               BuildableIdentifier = "primary"
               BlueprintIdentifier = "2682E5BC1C9798C1007B0CF5"
               BuildableName = "HZL&#x732b;&#x5934;&#x9e70;.app"
               BlueprintName = "HZL&#x732b;&#x5934;&#x9e70;"
               ReferencedContainer = "container:HZL&#x732b;&#x5934;&#x9e70;.xcodeproj">
            </BuildableReference>
         </BuildActionEntry>
      </BuildActionEntries>
   </BuildAction>
   <TestAction
      buildConfiguration = "Debug"
      selectedDebuggerIdentifier = "Xcode.DebuggerFoundation.Debugger.LLDB"
      selectedLauncherIdentifier = "Xcode.DebuggerFoundation.Launcher.LLDB"
      shouldUseLaunchSchemeArgsEnv = "YES">
      <Testables>
         <TestableReference
            skipped = "NO">
            <BuildableReference
               BuildableIdentifier = "primary"
               BlueprintIdentifier = "2682E5D51C9798C1007B0CF5"
               BuildableName = "HZL&#x732b;&#x5934;&#x9e70;Tests.xctest"
               BlueprintName = "HZL&#x732b;&#x5934;&#x9e70;Tests"
               ReferencedContainer = "container:HZL&#x732b;&#x5934;&#x9e70;.xcodeproj">
            </BuildableReference>
         </TestableReference>
         <TestableReference
            skipped = "NO">
            <BuildableReference
               BuildableIdentifier = "primary"
               BlueprintIdentifier = "2682E5E01C9798C1007B0CF5"
               BuildableName = "HZL&#x732b;&#x5934;&#x9e70;UITests.xctest"
               BlueprintName = "HZL&#x732b;&#x5934;&#x9e70;UITests"
               ReferencedContainer = "container:HZL&#x732b;&#x5934;&#x9e70;.xcodeproj">
            </BuildableReference>
         </TestableReference>
      </Testables>
      <MacroExpansion>
         <BuildableReference
            BuildableIdentifier = "primary"
            BlueprintIdentifier = "2682E5BC1C9798C1007B0CF5"
            BuildableName = "HZL&#x732b;&#x5934;&#x9e70;.app"
            BlueprintName = "HZL&#x732b;&#x5934;&#x9e70;"
            ReferencedContainer = "container:HZL&#x732b;&#x5934;&#x9e70;.xcodeproj">
         </BuildableReference>
      </MacroExpansion>
      <AdditionalOptions>
      </AdditionalOptions>
   </TestAction>
   <LaunchAction
      buildConfiguration = "Debug"
      selectedDebuggerIdentifier = "Xcode.DebuggerFoundation.Debugger.LLDB"
      selectedLauncherIdentifier = "Xcode.DebuggerFoundation.Launcher.LLDB"
      launchStyle = "0"
      useCustomWorkingDirectory = "NO"
      ignoresPersistentStateOnLaunch = "NO"
      debugDocumentVersioning = "YES"
      debugServiceExtension = "internal"
      allowLocationSimulation = "YES">
      <BuildableProductRunnable
         runnableDebuggingMode = "0">
         <BuildableReference
            BuildableIdentifier = "primary"
            BlueprintIdentifier = "2682E5BC1C9798C1007B0CF5"
            BuildableName = "HZL&#x732b;&#x5934;&#x9e70;.app"
            BlueprintName = "HZL&#x732b;&#x5934;&#x9e70;"
            ReferencedContainer = "container:HZL&#x732b;&#x5934;&#x9e70;.xcodeproj">
         </BuildableReference>
      </BuildableProductRunnable>
      <AdditionalOptions>
      </AdditionalOptions>
   </LaunchAction>
   <ProfileAction
      buildConfiguration = "Release"
      shouldUseLaunchSchemeArgsEnv = "YES"
      savedToolIdentifier = ""
      useCustomWorkingDirectory = "NO"
      debugDocumentVersioning = "YES">
      <BuildableProductRunnable
         runnableDebuggingMode = "0">
         <BuildableReference
            BuildableIdentifier = "primary"
            BlueprintIdentifier = "2682E5BC1C9798C1007B0CF5"
            BuildableName = "HZL&#x732b;&#x5934;&#x9e70;.app"
            BlueprintName = "HZL&#x732b;&#x5934;&#x9e70;"
            ReferencedContainer = "container:HZL&#x732b;&#x5934;&#x9e70;.xcodeproj">
         </BuildableReference>
      </BuildableProductRunnable>
   </ProfileAction>
   <AnalyzeAction
      buildConfiguration = "Debug">
   </AnalyzeAction>
   <ArchiveAction
      buildConfiguration = "Release"
      revealArchiveInOrganizer = "YES">
   </ArchiveAction>
</Scheme>
